
Microsoft Visual Studio Solution File, Format Version 12.00
# Visual Studio 15
VisualStudioVersion = 15.0.27130.2036
MinimumVisualStudioVersion = 10.0.40219.1
Project("{FAE04EC0-301F-11D3-BF4B-00C04F79EFBC}") = "WPFDataBinding", "WPFDataBinding\WPFDataBinding.csproj", "{E4923DB9-598E-41F9-81DF-4ACD00CC4571}"
EndProject
Project("{FAE04EC0-301F-11D3-BF4B-00C04F79EFBC}") = "DataBase", "DataBase\DataBase.csproj", "{91E856AE-BE77-4B4D-A470-D16B86439792}"
EndProject
Global
	GlobalSection(SolutionConfigurationPlatforms) = preSolution
		Debug|Any CPU = Debug|Any CPU
		Release|Any CPU = Release|Any CPU
	EndGlobalSection
	GlobalSection(ProjectConfigurationPlatforms) = postSolution
		{E4923DB9-598E-41F9-81DF-4ACD00CC4571}.Debug|Any CPU.ActiveCfg = Debug|Any CPU
		{E4923DB9-598E-41F9-81DF-4ACD00CC4571}.Debug|Any CPU.Build.0 = Debug|Any CPU
		{E4923DB9-598E-41F9-81DF-4ACD00CC4571}.Release|Any CPU.ActiveCfg = Release|Any CPU
		{E4923DB9-598E-41F9-81DF-4ACD00CC4571}.Release|Any CPU.Build.0 = Release|Any CPU
		{91E856AE-BE77-4B4D-A470-D16B86439792}.Debug|Any CPU.ActiveCfg = Debug|Any CPU
		{91E856AE-BE77-4B4D-A470-D16B86439792}.Debug|Any CPU.Build.0 = Debug|Any CPU
		{91E856AE-BE77-4B4D-A470-D16B86439792}.Release|Any CPU.ActiveCfg = Release|Any CPU
		{91E856AE-BE77-4B4D-A470-D16B86439792}.Release|Any CPU.Build.0 = Release|Any CPU
	EndGlobalSection
	GlobalSection(SolutionProperties) = preSolution
		HideSolutionNode = FALSE
	EndGlobalSection
	GlobalSection(ExtensibilityGlobals) = postSolution
		SolutionGuid = {D13F214C-D9C2-4388-A091-912157429842}
	EndGlobalSection
EndGlobal
